// !$*UTF8*$!
{
	archiveVersion = 1;
	classes = {
	};
	objectVersion = 56;
	objects = {

/* Begin PBXBuildFile section */
		3B1AD2CA2B31A79D00CE38C9 /* CompactChapterListScreen.swift in Sources */ = {isa = PBXBuildFile; fileRef = 3B1AD2C92B31A79D00CE38C9 /* CompactChapterListScreen.swift */; };
		3B1AD2CC2B31AF0E00CE38C9 /* BlurView.swift in Sources */ = {isa = PBXBuildFile; fileRef = 3B1AD2CB2B31AF0E00CE38C9 /* BlurView.swift */; };
		3B333B322A80B1E900368534 /* Kingfisher in Frameworks */ = {isa = PBXBuildFile; productRef = 3B333B312A80B1E900368534 /* Kingfisher */; };
		3B333B352A80BD4300368534 /* MangaStatus.swift in Sources */ = {isa = PBXBuildFile; fileRef = 3B333B342A80BD4300368534 /* MangaStatus.swift */; };
		3B333B372A80BD5F00368534 /* ContentRating.swift in Sources */ = {isa = PBXBuildFile; fileRef = 3B333B362A80BD5F00368534 /* ContentRating.swift */; };
		3B333B392A80BD6F00368534 /* Demographic.swift in Sources */ = {isa = PBXBuildFile; fileRef = 3B333B382A80BD6F00368534 /* Demographic.swift */; };
		3B333B3B2A80BD7B00368534 /* MangaCover.swift in Sources */ = {isa = PBXBuildFile; fileRef = 3B333B3A2A80BD7B00368534 /* MangaCover.swift */; };
		3B333B3D2A80BDD100368534 /* Genre.swift in Sources */ = {isa = PBXBuildFile; fileRef = 3B333B3C2A80BDD100368534 /* Genre.swift */; };
		3B333B3F2A80BE1200368534 /* SearchType.swift in Sources */ = {isa = PBXBuildFile; fileRef = 3B333B3E2A80BE1200368534 /* SearchType.swift */; };
		3B333B412A80BE2800368534 /* SearchSortType.swift in Sources */ = {isa = PBXBuildFile; fileRef = 3B333B402A80BE2800368534 /* SearchSortType.swift */; };
		3B333B432A80BE3E00368534 /* API.swift in Sources */ = {isa = PBXBuildFile; fileRef = 3B333B422A80BE3E00368534 /* API.swift */; };
		3B333B462A80BF4100368534 /* MangaDetailScreen.swift in Sources */ = {isa = PBXBuildFile; fileRef = 3B333B452A80BF4100368534 /* MangaDetailScreen.swift */; };
		3B4790A22B2F3C260044D09D /* Color+Brightness.swift in Sources */ = {isa = PBXBuildFile; fileRef = 3B4790A12B2F3C260044D09D /* Color+Brightness.swift */; };
		3B4790A62B2F57910044D09D /* RelateFrom.swift in Sources */ = {isa = PBXBuildFile; fileRef = 3B4790A52B2F57910044D09D /* RelateFrom.swift */; };
		3B4790A82B2F57A50044D09D /* MDRelates.swift in Sources */ = {isa = PBXBuildFile; fileRef = 3B4790A72B2F57A50044D09D /* MDRelates.swift */; };
		3B4790AA2B2F57BE0044D09D /* RelateTo.swift in Sources */ = {isa = PBXBuildFile; fileRef = 3B4790A92B2F57BE0044D09D /* RelateTo.swift */; };
		3B5B91DF2A8D634B004C74FB /* FloatingCloudsView.swift in Sources */ = {isa = PBXBuildFile; fileRef = 3B5B91DE2A8D634B004C74FB /* FloatingCloudsView.swift */; };
		3B8AA74E2A7D92FE0051E61C /* MangaListScreen.swift in Sources */ = {isa = PBXBuildFile; fileRef = 3B8AA74D2A7D92FE0051E61C /* MangaListScreen.swift */; };
		3B8AA7502A7D93280051E61C /* MangaListViewModel.swift in Sources */ = {isa = PBXBuildFile; fileRef = 3B8AA74F2A7D93280051E61C /* MangaListViewModel.swift */; };
		3B8AA7532A7D93680051E61C /* Networking.swift in Sources */ = {isa = PBXBuildFile; fileRef = 3B8AA7522A7D93680051E61C /* Networking.swift */; };
		3B8AA7562A7D984B0051E61C /* Manga.swift in Sources */ = {isa = PBXBuildFile; fileRef = 3B8AA7552A7D984B0051E61C /* Manga.swift */; };
		3B8AA7582A7DA2530051E61C /* MDTitle.swift in Sources */ = {isa = PBXBuildFile; fileRef = 3B8AA7572A7DA2530051E61C /* MDTitle.swift */; };
		3B8AA75A2A7DA25D0051E61C /* Cover.swift in Sources */ = {isa = PBXBuildFile; fileRef = 3B8AA7592A7DA25D0051E61C /* Cover.swift */; };
		3B8AA75C2A7DA26A0051E61C /* MUComics.swift in Sources */ = {isa = PBXBuildFile; fileRef = 3B8AA75B2A7DA26A0051E61C /* MUComics.swift */; };
		3B8AA75E2A7DB3930051E61C /* MangaViewModel.swift in Sources */ = {isa = PBXBuildFile; fileRef = 3B8AA75D2A7DB3930051E61C /* MangaViewModel.swift */; };
		3B9070D72B2F7D3200B88E41 /* MangaDetailScreenViewModel.swift in Sources */ = {isa = PBXBuildFile; fileRef = 3B9070D62B2F7D3200B88E41 /* MangaDetailScreenViewModel.swift */; };
		3B9070D92B303E4900B88E41 /* ChapterItemView.swift in Sources */ = {isa = PBXBuildFile; fileRef = 3B9070D82B303E4900B88E41 /* ChapterItemView.swift */; };
		3B9070DE2B30562900B88E41 /* ChapterListItem.swift in Sources */ = {isa = PBXBuildFile; fileRef = 3B9070DD2B30562900B88E41 /* ChapterListItem.swift */; };
		3B9070E02B305C6700B88E41 /* ChapterResponse.swift in Sources */ = {isa = PBXBuildFile; fileRef = 3B9070DF2B305C6700B88E41 /* ChapterResponse.swift */; };
		3B91340C2A7EBACA00A2CBA7 /* MangaListView.swift in Sources */ = {isa = PBXBuildFile; fileRef = 3B91340B2A7EBACA00A2CBA7 /* MangaListView.swift */; };
		3BB2386F2B2E3CEA00A00F2E /* KFCrossPlatformImage+AverageColor.swift in Sources */ = {isa = PBXBuildFile; fileRef = 3BB2386E2B2E3CEA00A00F2E /* KFCrossPlatformImage+AverageColor.swift */; };
		3BB238712B2E3D4200A00F2E /* KFCrossPlatformImage+ProminentColors.swift in Sources */ = {isa = PBXBuildFile; fileRef = 3BB238702B2E3D4200A00F2E /* KFCrossPlatformImage+ProminentColors.swift */; };
		3BB238732B2E50B100A00F2E /* DynamicStack.swift in Sources */ = {isa = PBXBuildFile; fileRef = 3BB238722B2E50B100A00F2E /* DynamicStack.swift */; };
		3BB238752B2E570400A00F2E /* MangaDetail.swift in Sources */ = {isa = PBXBuildFile; fileRef = 3BB238742B2E570400A00F2E /* MangaDetail.swift */; };
		3BB238772B2E5B2D00A00F2E /* FirstChapter.swift in Sources */ = {isa = PBXBuildFile; fileRef = 3BB238762B2E5B2D00A00F2E /* FirstChapter.swift */; };
		3BB238792B2E5B4100A00F2E /* Comic.swift in Sources */ = {isa = PBXBuildFile; fileRef = 3BB238782B2E5B4100A00F2E /* Comic.swift */; };
		3BB2387B2B2E5B5600A00F2E /* Artist.swift in Sources */ = {isa = PBXBuildFile; fileRef = 3BB2387A2B2E5B5600A00F2E /* Artist.swift */; };
		3BB2387D2B2E5B7C00A00F2E /* Author.swift in Sources */ = {isa = PBXBuildFile; fileRef = 3BB2387C2B2E5B7C00A00F2E /* Author.swift */; };
		3BB2387F2B2E5B8C00A00F2E /* Links.swift in Sources */ = {isa = PBXBuildFile; fileRef = 3BB2387E2B2E5B8C00A00F2E /* Links.swift */; };
		3BB238812B2E5B9C00A00F2E /* MDGenres.swift in Sources */ = {isa = PBXBuildFile; fileRef = 3BB238802B2E5B9C00A00F2E /* MDGenres.swift */; };
		3BB238832B2E5BAF00A00F2E /* MDComicMDGenre.swift in Sources */ = {isa = PBXBuildFile; fileRef = 3BB238822B2E5BAF00A00F2E /* MDComicMDGenre.swift */; };
		3BD8F02A2A7D6E0000A84F8E /* MangaReaderApp.swift in Sources */ = {isa = PBXBuildFile; fileRef = 3BD8F0292A7D6E0000A84F8E /* MangaReaderApp.swift */; };
		3BD8F02C2A7D6E0000A84F8E /* ContentView.swift in Sources */ = {isa = PBXBuildFile; fileRef = 3BD8F02B2A7D6E0000A84F8E /* ContentView.swift */; };
		3BD8F0302A7D6E0300A84F8E /* Assets.xcassets in Resources */ = {isa = PBXBuildFile; fileRef = 3BD8F02F2A7D6E0300A84F8E /* Assets.xcassets */; };
		3BD8F0342A7D6E0300A84F8E /* Preview Assets.xcassets in Resources */ = {isa = PBXBuildFile; fileRef = 3BD8F0332A7D6E0300A84F8E /* Preview Assets.xcassets */; };
		3BDE01E02B31E177002B4075 /* MangaDetailViewModel.swift in Sources */ = {isa = PBXBuildFile; fileRef = 3BDE01DF2B31E177002B4075 /* MangaDetailViewModel.swift */; };
		3BDE01E22B323073002B4075 /* Color+Codable.swift in Sources */ = {isa = PBXBuildFile; fileRef = 3BDE01E12B323073002B4075 /* Color+Codable.swift */; };
/* End PBXBuildFile section */

/* Begin PBXFileReference section */
		3B1AD2C92B31A79D00CE38C9 /* CompactChapterListScreen.swift */ = {isa = PBXFileReference; lastKnownFileType = sourcecode.swift; path = CompactChapterListScreen.swift; sourceTree = "<group>"; };
		3B1AD2CB2B31AF0E00CE38C9 /* BlurView.swift */ = {isa = PBXFileReference; lastKnownFileType = sourcecode.swift; path = BlurView.swift; sourceTree = "<group>"; };
		3B333B342A80BD4300368534 /* MangaStatus.swift */ = {isa = PBXFileReference; lastKnownFileType = sourcecode.swift; path = MangaStatus.swift; sourceTree = "<group>"; };
		3B333B362A80BD5F00368534 /* ContentRating.swift */ = {isa = PBXFileReference; lastKnownFileType = sourcecode.swift; path = ContentRating.swift; sourceTree = "<group>"; };
		3B333B382A80BD6F00368534 /* Demographic.swift */ = {isa = PBXFileReference; lastKnownFileType = sourcecode.swift; path = Demographic.swift; sourceTree = "<group>"; };
		3B333B3A2A80BD7B00368534 /* MangaCover.swift */ = {isa = PBXFileReference; lastKnownFileType = sourcecode.swift; path = MangaCover.swift; sourceTree = "<group>"; };
		3B333B3C2A80BDD100368534 /* Genre.swift */ = {isa = PBXFileReference; lastKnownFileType = sourcecode.swift; path = Genre.swift; sourceTree = "<group>"; };
		3B333B3E2A80BE1200368534 /* SearchType.swift */ = {isa = PBXFileReference; lastKnownFileType = sourcecode.swift; path = SearchType.swift; sourceTree = "<group>"; };
		3B333B402A80BE2800368534 /* SearchSortType.swift */ = {isa = PBXFileReference; lastKnownFileType = sourcecode.swift; path = SearchSortType.swift; sourceTree = "<group>"; };
		3B333B422A80BE3E00368534 /* API.swift */ = {isa = PBXFileReference; lastKnownFileType = sourcecode.swift; path = API.swift; sourceTree = "<group>"; };
		3B333B452A80BF4100368534 /* MangaDetailScreen.swift */ = {isa = PBXFileReference; lastKnownFileType = sourcecode.swift; path = MangaDetailScreen.swift; sourceTree = "<group>"; };
		3B4790A12B2F3C260044D09D /* Color+Brightness.swift */ = {isa = PBXFileReference; lastKnownFileType = sourcecode.swift; path = "Color+Brightness.swift"; sourceTree = "<group>"; };
		3B4790A52B2F57910044D09D /* RelateFrom.swift */ = {isa = PBXFileReference; lastKnownFileType = sourcecode.swift; path = RelateFrom.swift; sourceTree = "<group>"; };
		3B4790A72B2F57A50044D09D /* MDRelates.swift */ = {isa = PBXFileReference; lastKnownFileType = sourcecode.swift; path = MDRelates.swift; sourceTree = "<group>"; };
		3B4790A92B2F57BE0044D09D /* RelateTo.swift */ = {isa = PBXFileReference; lastKnownFileType = sourcecode.swift; path = RelateTo.swift; sourceTree = "<group>"; };
		3B5B91DE2A8D634B004C74FB /* FloatingCloudsView.swift */ = {isa = PBXFileReference; lastKnownFileType = sourcecode.swift; path = FloatingCloudsView.swift; sourceTree = "<group>"; };
		3B8AA74D2A7D92FE0051E61C /* MangaListScreen.swift */ = {isa = PBXFileReference; lastKnownFileType = sourcecode.swift; path = MangaListScreen.swift; sourceTree = "<group>"; };
		3B8AA74F2A7D93280051E61C /* MangaListViewModel.swift */ = {isa = PBXFileReference; lastKnownFileType = sourcecode.swift; path = MangaListViewModel.swift; sourceTree = "<group>"; };
		3B8AA7522A7D93680051E61C /* Networking.swift */ = {isa = PBXFileReference; lastKnownFileType = sourcecode.swift; path = Networking.swift; sourceTree = "<group>"; };
		3B8AA7552A7D984B0051E61C /* Manga.swift */ = {isa = PBXFileReference; lastKnownFileType = sourcecode.swift; path = Manga.swift; sourceTree = "<group>"; };
		3B8AA7572A7DA2530051E61C /* MDTitle.swift */ = {isa = PBXFileReference; lastKnownFileType = sourcecode.swift; path = MDTitle.swift; sourceTree = "<group>"; };
		3B8AA7592A7DA25D0051E61C /* Cover.swift */ = {isa = PBXFileReference; lastKnownFileType = sourcecode.swift; path = Cover.swift; sourceTree = "<group>"; };
		3B8AA75B2A7DA26A0051E61C /* MUComics.swift */ = {isa = PBXFileReference; lastKnownFileType = sourcecode.swift; path = MUComics.swift; sourceTree = "<group>"; };
		3B8AA75D2A7DB3930051E61C /* MangaViewModel.swift */ = {isa = PBXFileReference; lastKnownFileType = sourcecode.swift; path = MangaViewModel.swift; sourceTree = "<group>"; };
		3B9070D62B2F7D3200B88E41 /* MangaDetailScreenViewModel.swift */ = {isa = PBXFileReference; lastKnownFileType = sourcecode.swift; path = MangaDetailScreenViewModel.swift; sourceTree = "<group>"; };
		3B9070D82B303E4900B88E41 /* ChapterItemView.swift */ = {isa = PBXFileReference; lastKnownFileType = sourcecode.swift; path = ChapterItemView.swift; sourceTree = "<group>"; };
		3B9070DD2B30562900B88E41 /* ChapterListItem.swift */ = {isa = PBXFileReference; lastKnownFileType = sourcecode.swift; path = ChapterListItem.swift; sourceTree = "<group>"; };
		3B9070DF2B305C6700B88E41 /* ChapterResponse.swift */ = {isa = PBXFileReference; lastKnownFileType = sourcecode.swift; path = ChapterResponse.swift; sourceTree = "<group>"; };
		3B91340B2A7EBACA00A2CBA7 /* MangaListView.swift */ = {isa = PBXFileReference; lastKnownFileType = sourcecode.swift; path = MangaListView.swift; sourceTree = "<group>"; };
		3BB2386E2B2E3CEA00A00F2E /* KFCrossPlatformImage+AverageColor.swift */ = {isa = PBXFileReference; lastKnownFileType = sourcecode.swift; path = "KFCrossPlatformImage+AverageColor.swift"; sourceTree = "<group>"; };
		3BB238702B2E3D4200A00F2E /* KFCrossPlatformImage+ProminentColors.swift */ = {isa = PBXFileReference; lastKnownFileType = sourcecode.swift; path = "KFCrossPlatformImage+ProminentColors.swift"; sourceTree = "<group>"; };
		3BB238722B2E50B100A00F2E /* DynamicStack.swift */ = {isa = PBXFileReference; lastKnownFileType = sourcecode.swift; path = DynamicStack.swift; sourceTree = "<group>"; };
		3BB238742B2E570400A00F2E /* MangaDetail.swift */ = {isa = PBXFileReference; lastKnownFileType = sourcecode.swift; path = MangaDetail.swift; sourceTree = "<group>"; };
		3BB238762B2E5B2D00A00F2E /* FirstChapter.swift */ = {isa = PBXFileReference; lastKnownFileType = sourcecode.swift; path = FirstChapter.swift; sourceTree = "<group>"; };
		3BB238782B2E5B4100A00F2E /* Comic.swift */ = {isa = PBXFileReference; lastKnownFileType = sourcecode.swift; path = Comic.swift; sourceTree = "<group>"; };
		3BB2387A2B2E5B5600A00F2E /* Artist.swift */ = {isa = PBXFileReference; lastKnownFileType = sourcecode.swift; path = Artist.swift; sourceTree = "<group>"; };
		3BB2387C2B2E5B7C00A00F2E /* Author.swift */ = {isa = PBXFileReference; lastKnownFileType = sourcecode.swift; path = Author.swift; sourceTree = "<group>"; };
		3BB2387E2B2E5B8C00A00F2E /* Links.swift */ = {isa = PBXFileReference; lastKnownFileType = sourcecode.swift; path = Links.swift; sourceTree = "<group>"; };
		3BB238802B2E5B9C00A00F2E /* MDGenres.swift */ = {isa = PBXFileReference; lastKnownFileType = sourcecode.swift; path = MDGenres.swift; sourceTree = "<group>"; };
		3BB238822B2E5BAF00A00F2E /* MDComicMDGenre.swift */ = {isa = PBXFileReference; lastKnownFileType = sourcecode.swift; path = MDComicMDGenre.swift; sourceTree = "<group>"; };
		3BD8F0262A7D6E0000A84F8E /* MangaReader.app */ = {isa = PBXFileReference; explicitFileType = wrapper.application; includeInIndex = 0; path = MangaReader.app; sourceTree = BUILT_PRODUCTS_DIR; };
		3BD8F0292A7D6E0000A84F8E /* MangaReaderApp.swift */ = {isa = PBXFileReference; lastKnownFileType = sourcecode.swift; path = MangaReaderApp.swift; sourceTree = "<group>"; };
		3BD8F02B2A7D6E0000A84F8E /* ContentView.swift */ = {isa = PBXFileReference; lastKnownFileType = sourcecode.swift; path = ContentView.swift; sourceTree = "<group>"; };
		3BD8F02F2A7D6E0300A84F8E /* Assets.xcassets */ = {isa = PBXFileReference; lastKnownFileType = folder.assetcatalog; path = Assets.xcassets; sourceTree = "<group>"; };
		3BD8F0312A7D6E0300A84F8E /* MangaReader.entitlements */ = {isa = PBXFileReference; lastKnownFileType = text.plist.entitlements; path = MangaReader.entitlements; sourceTree = "<group>"; };
		3BD8F0332A7D6E0300A84F8E /* Preview Assets.xcassets */ = {isa = PBXFileReference; lastKnownFileType = folder.assetcatalog; path = "Preview Assets.xcassets"; sourceTree = "<group>"; };
		3BDE01DF2B31E177002B4075 /* MangaDetailViewModel.swift */ = {isa = PBXFileReference; lastKnownFileType = sourcecode.swift; path = MangaDetailViewModel.swift; sourceTree = "<group>"; };
		3BDE01E12B323073002B4075 /* Color+Codable.swift */ = {isa = PBXFileReference; lastKnownFileType = sourcecode.swift; path = "Color+Codable.swift"; sourceTree = "<group>"; };
/* End PBXFileReference section */

/* Begin PBXFrameworksBuildPhase section */
		3BD8F0232A7D6E0000A84F8E /* Frameworks */ = {
			isa = PBXFrameworksBuildPhase;
			buildActionMask = 2147483647;
			files = (
				3B333B322A80B1E900368534 /* Kingfisher in Frameworks */,
			);
			runOnlyForDeploymentPostprocessing = 0;
		};
/* End PBXFrameworksBuildPhase section */

/* Begin PBXGroup section */
		3B333B332A80BD1C00368534 /* Views */ = {
			isa = PBXGroup;
			children = (
				3B5B91DE2A8D634B004C74FB /* FloatingCloudsView.swift */,
				3BB238722B2E50B100A00F2E /* DynamicStack.swift */,
				3B1AD2CB2B31AF0E00CE38C9 /* BlurView.swift */,
			);
			path = Views;
			sourceTree = "<group>";
		};
		3B333B442A80BF2F00368534 /* MangaDetail */ = {
			isa = PBXGroup;
			children = (
				3B333B452A80BF4100368534 /* MangaDetailScreen.swift */,
				3B9070D62B2F7D3200B88E41 /* MangaDetailScreenViewModel.swift */,
			);
			path = MangaDetail;
			sourceTree = "<group>";
		};
		3B8AA74B2A7D92DC0051E61C /* Features */ = {
			isa = PBXGroup;
			children = (
				3B9070DA2B303E4E00B88E41 /* ChapterList */,
				3B333B442A80BF2F00368534 /* MangaDetail */,
				3B8AA74C2A7D92E30051E61C /* MangaList */,
			);
			path = Features;
			sourceTree = "<group>";
		};
		3B8AA74C2A7D92E30051E61C /* MangaList */ = {
			isa = PBXGroup;
			children = (
				3B8AA74D2A7D92FE0051E61C /* MangaListScreen.swift */,
				3B8AA74F2A7D93280051E61C /* MangaListViewModel.swift */,
				3B91340B2A7EBACA00A2CBA7 /* MangaListView.swift */,
			);
			path = MangaList;
			sourceTree = "<group>";
		};
		3B8AA7512A7D93540051E61C /* Networking */ = {
			isa = PBXGroup;
			children = (
				3B8AA7522A7D93680051E61C /* Networking.swift */,
				3B333B422A80BE3E00368534 /* API.swift */,
				3B8AA7542A7D983E0051E61C /* Models */,
			);
			path = Networking;
			sourceTree = "<group>";
		};
		3B8AA7542A7D983E0051E61C /* Models */ = {
			isa = PBXGroup;
			children = (
				3B8AA7552A7D984B0051E61C /* Manga.swift */,
				3B8AA75D2A7DB3930051E61C /* MangaViewModel.swift */,
				3BB238742B2E570400A00F2E /* MangaDetail.swift */,
				3BDE01DF2B31E177002B4075 /* MangaDetailViewModel.swift */,
				3B8AA7572A7DA2530051E61C /* MDTitle.swift */,
				3B8AA7592A7DA25D0051E61C /* Cover.swift */,
				3B8AA75B2A7DA26A0051E61C /* MUComics.swift */,
				3B333B342A80BD4300368534 /* MangaStatus.swift */,
				3B333B362A80BD5F00368534 /* ContentRating.swift */,
				3B333B382A80BD6F00368534 /* Demographic.swift */,
				3B333B3A2A80BD7B00368534 /* MangaCover.swift */,
				3B333B3C2A80BDD100368534 /* Genre.swift */,
				3B333B3E2A80BE1200368534 /* SearchType.swift */,
				3B333B402A80BE2800368534 /* SearchSortType.swift */,
				3BB238762B2E5B2D00A00F2E /* FirstChapter.swift */,
				3BB238782B2E5B4100A00F2E /* Comic.swift */,
				3BB2387A2B2E5B5600A00F2E /* Artist.swift */,
				3BB2387C2B2E5B7C00A00F2E /* Author.swift */,
				3BB2387E2B2E5B8C00A00F2E /* Links.swift */,
				3BB238802B2E5B9C00A00F2E /* MDGenres.swift */,
				3BB238822B2E5BAF00A00F2E /* MDComicMDGenre.swift */,
				3B4790A52B2F57910044D09D /* RelateFrom.swift */,
				3B4790A72B2F57A50044D09D /* MDRelates.swift */,
				3B4790A92B2F57BE0044D09D /* RelateTo.swift */,
				3B9070DF2B305C6700B88E41 /* ChapterResponse.swift */,
			);
			path = Models;
			sourceTree = "<group>";
		};
		3B9070DA2B303E4E00B88E41 /* ChapterList */ = {
			isa = PBXGroup;
			children = (
				3B9070D82B303E4900B88E41 /* ChapterItemView.swift */,
				3B9070DD2B30562900B88E41 /* ChapterListItem.swift */,
				3B1AD2C92B31A79D00CE38C9 /* CompactChapterListScreen.swift */,
			);
			path = ChapterList;
			sourceTree = "<group>";
		};
		3BB2386D2B2E3CB400A00F2E /* Extensions */ = {
			isa = PBXGroup;
			children = (
				3BB2386E2B2E3CEA00A00F2E /* KFCrossPlatformImage+AverageColor.swift */,
				3BB238702B2E3D4200A00F2E /* KFCrossPlatformImage+ProminentColors.swift */,
				3B4790A12B2F3C260044D09D /* Color+Brightness.swift */,
				3BDE01E12B323073002B4075 /* Color+Codable.swift */,
			);
			path = Extensions;
			sourceTree = "<group>";
		};
		3BD8F01D2A7D6E0000A84F8E = {
			isa = PBXGroup;
			children = (
				3BD8F0282A7D6E0000A84F8E /* MangaReader */,
				3BD8F0272A7D6E0000A84F8E /* Products */,
			);
			sourceTree = "<group>";
		};
		3BD8F0272A7D6E0000A84F8E /* Products */ = {
			isa = PBXGroup;
			children = (
				3BD8F0262A7D6E0000A84F8E /* MangaReader.app */,
			);
			name = Products;
			sourceTree = "<group>";
		};
		3BD8F0282A7D6E0000A84F8E /* MangaReader */ = {
			isa = PBXGroup;
			children = (
				3B8AA7512A7D93540051E61C /* Networking */,
				3B8AA74B2A7D92DC0051E61C /* Features */,
				3B333B332A80BD1C00368534 /* Views */,
				3BB2386D2B2E3CB400A00F2E /* Extensions */,
				3BD8F0292A7D6E0000A84F8E /* MangaReaderApp.swift */,
				3BD8F02B2A7D6E0000A84F8E /* ContentView.swift */,
				3BD8F02F2A7D6E0300A84F8E /* Assets.xcassets */,
				3BD8F0312A7D6E0300A84F8E /* MangaReader.entitlements */,
				3BD8F0322A7D6E0300A84F8E /* Preview Content */,
			);
			path = MangaReader;
			sourceTree = "<group>";
		};
		3BD8F0322A7D6E0300A84F8E /* Preview Content */ = {
			isa = PBXGroup;
			children = (
				3BD8F0332A7D6E0300A84F8E /* Preview Assets.xcassets */,
			);
			path = "Preview Content";
			sourceTree = "<group>";
		};
/* End PBXGroup section */

/* Begin PBXNativeTarget section */
		3BD8F0252A7D6E0000A84F8E /* MangaReader */ = {
			isa = PBXNativeTarget;
			buildConfigurationList = 3BD8F0372A7D6E0300A84F8E /* Build configuration list for PBXNativeTarget "MangaReader" */;
			buildPhases = (
				3BD8F0222A7D6E0000A84F8E /* Sources */,
				3BD8F0232A7D6E0000A84F8E /* Frameworks */,
				3BD8F0242A7D6E0000A84F8E /* Resources */,
			);
			buildRules = (
			);
			dependencies = (
			);
			name = MangaReader;
			packageProductDependencies = (
				3B333B312A80B1E900368534 /* Kingfisher */,
			);
			productName = MangaReader;
			productReference = 3BD8F0262A7D6E0000A84F8E /* MangaReader.app */;
			productType = "com.apple.product-type.application";
		};
/* End PBXNativeTarget section */

/* Begin PBXProject section */
		3BD8F01E2A7D6E0000A84F8E /* Project object */ = {
			isa = PBXProject;
			attributes = {
				BuildIndependentTargetsInParallel = 1;
				LastSwiftUpdateCheck = 1500;
				LastUpgradeCheck = 1500;
				TargetAttributes = {
					3BD8F0252A7D6E0000A84F8E = {
						CreatedOnToolsVersion = 15.0;
					};
				};
			};
			buildConfigurationList = 3BD8F0212A7D6E0000A84F8E /* Build configuration list for PBXProject "MangaReader" */;
			compatibilityVersion = "Xcode 14.0";
			developmentRegion = en;
			hasScannedForEncodings = 0;
			knownRegions = (
				en,
				Base,
			);
			mainGroup = 3BD8F01D2A7D6E0000A84F8E;
			packageReferences = (
				3B333B302A80B1E900368534 /* XCRemoteSwiftPackageReference "Kingfisher" */,
			);
			productRefGroup = 3BD8F0272A7D6E0000A84F8E /* Products */;
			projectDirPath = "";
			projectRoot = "";
			targets = (
				3BD8F0252A7D6E0000A84F8E /* MangaReader */,
			);
		};
/* End PBXProject section */

/* Begin PBXResourcesBuildPhase section */
		3BD8F0242A7D6E0000A84F8E /* Resources */ = {
			isa = PBXResourcesBuildPhase;
			buildActionMask = 2147483647;
			files = (
				3BD8F0342A7D6E0300A84F8E /* Preview Assets.xcassets in Resources */,
				3BD8F0302A7D6E0300A84F8E /* Assets.xcassets in Resources */,
			);
			runOnlyForDeploymentPostprocessing = 0;
		};
/* End PBXResourcesBuildPhase section */

/* Begin PBXSourcesBuildPhase section */
		3BD8F0222A7D6E0000A84F8E /* Sources */ = {
			isa = PBXSourcesBuildPhase;
			buildActionMask = 2147483647;
			files = (
				3B333B352A80BD4300368534 /* MangaStatus.swift in Sources */,
				3B333B432A80BE3E00368534 /* API.swift in Sources */,
				3B333B372A80BD5F00368534 /* ContentRating.swift in Sources */,
				3B8AA7562A7D984B0051E61C /* Manga.swift in Sources */,
				3BB238772B2E5B2D00A00F2E /* FirstChapter.swift in Sources */,
				3B9070DE2B30562900B88E41 /* ChapterListItem.swift in Sources */,
				3B333B3B2A80BD7B00368534 /* MangaCover.swift in Sources */,
				3BB2387B2B2E5B5600A00F2E /* Artist.swift in Sources */,
				3BB2387D2B2E5B7C00A00F2E /* Author.swift in Sources */,
				3B5B91DF2A8D634B004C74FB /* FloatingCloudsView.swift in Sources */,
				3B1AD2CA2B31A79D00CE38C9 /* CompactChapterListScreen.swift in Sources */,
				3BD8F02C2A7D6E0000A84F8E /* ContentView.swift in Sources */,
				3B8AA7532A7D93680051E61C /* Networking.swift in Sources */,
				3BB238732B2E50B100A00F2E /* DynamicStack.swift in Sources */,
				3B8AA74E2A7D92FE0051E61C /* MangaListScreen.swift in Sources */,
				3B4790AA2B2F57BE0044D09D /* RelateTo.swift in Sources */,
				3BB238832B2E5BAF00A00F2E /* MDComicMDGenre.swift in Sources */,
				3B333B3D2A80BDD100368534 /* Genre.swift in Sources */,
				3B8AA75C2A7DA26A0051E61C /* MUComics.swift in Sources */,
				3B333B392A80BD6F00368534 /* Demographic.swift in Sources */,
				3BD8F02A2A7D6E0000A84F8E /* MangaReaderApp.swift in Sources */,
				3B9070D72B2F7D3200B88E41 /* MangaDetailScreenViewModel.swift in Sources */,
				3BB238712B2E3D4200A00F2E /* KFCrossPlatformImage+ProminentColors.swift in Sources */,
				3BB238792B2E5B4100A00F2E /* Comic.swift in Sources */,
				3B333B412A80BE2800368534 /* SearchSortType.swift in Sources */,
				3B333B462A80BF4100368534 /* MangaDetailScreen.swift in Sources */,
				3B4790A62B2F57910044D09D /* RelateFrom.swift in Sources */,
				3BB238752B2E570400A00F2E /* MangaDetail.swift in Sources */,
				3BB238812B2E5B9C00A00F2E /* MDGenres.swift in Sources */,
				3B1AD2CC2B31AF0E00CE38C9 /* BlurView.swift in Sources */,
				3B91340C2A7EBACA00A2CBA7 /* MangaListView.swift in Sources */,
				3B4790A82B2F57A50044D09D /* MDRelates.swift in Sources */,
				3B8AA75A2A7DA25D0051E61C /* Cover.swift in Sources */,
				3BDE01E02B31E177002B4075 /* MangaDetailViewModel.swift in Sources */,
				3BB2386F2B2E3CEA00A00F2E /* KFCrossPlatformImage+AverageColor.swift in Sources */,
				3BB2387F2B2E5B8C00A00F2E /* Links.swift in Sources */,
				3B9070D92B303E4900B88E41 /* ChapterItemView.swift in Sources */,
				3B8AA75E2A7DB3930051E61C /* MangaViewModel.swift in Sources */,
				3B333B3F2A80BE1200368534 /* SearchType.swift in Sources */,
				3B4790A22B2F3C260044D09D /* Color+Brightness.swift in Sources */,
				3B8AA7502A7D93280051E61C /* MangaListViewModel.swift in Sources */,
				3B9070E02B305C6700B88E41 /* ChapterResponse.swift in Sources */,
				3BDE01E22B323073002B4075 /* Color+Codable.swift in Sources */,
				3B8AA7582A7DA2530051E61C /* MDTitle.swift in Sources */,
			);
			runOnlyForDeploymentPostprocessing = 0;
		};
/* End PBXSourcesBuildPhase section */

/* Begin XCBuildConfiguration section */
		3BD8F0352A7D6E0300A84F8E /* Debug */ = {
			isa = XCBuildConfiguration;
			buildSettings = {
				ALWAYS_SEARCH_USER_PATHS = NO;
				ASSETCATALOG_COMPILER_GENERATE_SWIFT_ASSET_SYMBOL_EXTENSIONS = YES;
				CLANG_ANALYZER_NONNULL = YES;
				CLANG_ANALYZER_NUMBER_OBJECT_CONVERSION = YES_AGGRESSIVE;
				CLANG_CXX_LANGUAGE_STANDARD = "gnu++20";
				CLANG_ENABLE_MODULES = YES;
				CLANG_ENABLE_OBJC_ARC = YES;
				CLANG_ENABLE_OBJC_WEAK = YES;
				CLANG_WARN_BLOCK_CAPTURE_AUTORELEASING = YES;
				CLANG_WARN_BOOL_CONVERSION = YES;
				CLANG_WARN_COMMA = YES;
				CLANG_WARN_CONSTANT_CONVERSION = YES;
				CLANG_WARN_DEPRECATED_OBJC_IMPLEMENTATIONS = YES;
				CLANG_WARN_DIRECT_OBJC_ISA_USAGE = YES_ERROR;
				CLANG_WARN_DOCUMENTATION_COMMENTS = YES;
				CLANG_WARN_EMPTY_BODY = YES;
				CLANG_WARN_ENUM_CONVERSION = YES;
				CLANG_WARN_INFINITE_RECURSION = YES;
				CLANG_WARN_INT_CONVERSION = YES;
				CLANG_WARN_NON_LITERAL_NULL_CONVERSION = YES;
				CLANG_WARN_OBJC_IMPLICIT_RETAIN_SELF = YES;
				CLANG_WARN_OBJC_LITERAL_CONVERSION = YES;
				CLANG_WARN_OBJC_ROOT_CLASS = YES_ERROR;
				CLANG_WARN_QUOTED_INCLUDE_IN_FRAMEWORK_HEADER = YES;
				CLANG_WARN_RANGE_LOOP_ANALYSIS = YES;
				CLANG_WARN_STRICT_PROTOTYPES = YES;
				CLANG_WARN_SUSPICIOUS_MOVE = YES;
				CLANG_WARN_UNGUARDED_AVAILABILITY = YES_AGGRESSIVE;
				CLANG_WARN_UNREACHABLE_CODE = YES;
				CLANG_WARN__DUPLICATE_METHOD_MATCH = YES;
				COPY_PHASE_STRIP = NO;
				DEBUG_INFORMATION_FORMAT = dwarf;
				ENABLE_STRICT_OBJC_MSGSEND = YES;
				ENABLE_TESTABILITY = YES;
				ENABLE_USER_SCRIPT_SANDBOXING = YES;
				GCC_C_LANGUAGE_STANDARD = gnu17;
				GCC_DYNAMIC_NO_PIC = NO;
				GCC_NO_COMMON_BLOCKS = YES;
				GCC_OPTIMIZATION_LEVEL = 0;
				GCC_PREPROCESSOR_DEFINITIONS = (
					"DEBUG=1",
					"$(inherited)",
				);
				GCC_WARN_64_TO_32_BIT_CONVERSION = YES;
				GCC_WARN_ABOUT_RETURN_TYPE = YES_ERROR;
				GCC_WARN_UNDECLARED_SELECTOR = YES;
				GCC_WARN_UNINITIALIZED_AUTOS = YES_AGGRESSIVE;
				GCC_WARN_UNUSED_FUNCTION = YES;
				GCC_WARN_UNUSED_VARIABLE = YES;
				IPHONEOS_DEPLOYMENT_TARGET = 17.0;
				LOCALIZATION_PREFERS_STRING_CATALOGS = YES;
				MACOSX_DEPLOYMENT_TARGET = 14.0;
				MTL_ENABLE_DEBUG_INFO = INCLUDE_SOURCE;
				MTL_FAST_MATH = YES;
				ONLY_ACTIVE_ARCH = YES;
				SWIFT_ACTIVE_COMPILATION_CONDITIONS = "DEBUG $(inherited)";
				SWIFT_OPTIMIZATION_LEVEL = "-Onone";
			};
			name = Debug;
		};
		3BD8F0362A7D6E0300A84F8E /* Release */ = {
			isa = XCBuildConfiguration;
			buildSettings = {
				ALWAYS_SEARCH_USER_PATHS = NO;
				ASSETCATALOG_COMPILER_GENERATE_SWIFT_ASSET_SYMBOL_EXTENSIONS = YES;
				CLANG_ANALYZER_NONNULL = YES;
				CLANG_ANALYZER_NUMBER_OBJECT_CONVERSION = YES_AGGRESSIVE;
				CLANG_CXX_LANGUAGE_STANDARD = "gnu++20";
				CLANG_ENABLE_MODULES = YES;
				CLANG_ENABLE_OBJC_ARC = YES;
				CLANG_ENABLE_OBJC_WEAK = YES;
				CLANG_WARN_BLOCK_CAPTURE_AUTORELEASING = YES;
				CLANG_WARN_BOOL_CONVERSION = YES;
				CLANG_WARN_COMMA = YES;
				CLANG_WARN_CONSTANT_CONVERSION = YES;
				CLANG_WARN_DEPRECATED_OBJC_IMPLEMENTATIONS = YES;
				CLANG_WARN_DIRECT_OBJC_ISA_USAGE = YES_ERROR;
				CLANG_WARN_DOCUMENTATION_COMMENTS = YES;
				CLANG_WARN_EMPTY_BODY = YES;
				CLANG_WARN_ENUM_CONVERSION = YES;
				CLANG_WARN_INFINITE_RECURSION = YES;
				CLANG_WARN_INT_CONVERSION = YES;
				CLANG_WARN_NON_LITERAL_NULL_CONVERSION = YES;
				CLANG_WARN_OBJC_IMPLICIT_RETAIN_SELF = YES;
				CLANG_WARN_OBJC_LITERAL_CONVERSION = YES;
				CLANG_WARN_OBJC_ROOT_CLASS = YES_ERROR;
				CLANG_WARN_QUOTED_INCLUDE_IN_FRAMEWORK_HEADER = YES;
				CLANG_WARN_RANGE_LOOP_ANALYSIS = YES;
				CLANG_WARN_STRICT_PROTOTYPES = YES;
				CLANG_WARN_SUSPICIOUS_MOVE = YES;
				CLANG_WARN_UNGUARDED_AVAILABILITY = YES_AGGRESSIVE;
				CLANG_WARN_UNREACHABLE_CODE = YES;
				CLANG_WARN__DUPLICATE_METHOD_MATCH = YES;
				COPY_PHASE_STRIP = NO;
				DEBUG_INFORMATION_FORMAT = "dwarf-with-dsym";
				ENABLE_NS_ASSERTIONS = NO;
				ENABLE_STRICT_OBJC_MSGSEND = YES;
				ENABLE_USER_SCRIPT_SANDBOXING = YES;
				GCC_C_LANGUAGE_STANDARD = gnu17;
				GCC_NO_COMMON_BLOCKS = YES;
				GCC_WARN_64_TO_32_BIT_CONVERSION = YES;
				GCC_WARN_ABOUT_RETURN_TYPE = YES_ERROR;
				GCC_WARN_UNDECLARED_SELECTOR = YES;
				GCC_WARN_UNINITIALIZED_AUTOS = YES_AGGRESSIVE;
				GCC_WARN_UNUSED_FUNCTION = YES;
				GCC_WARN_UNUSED_VARIABLE = YES;
				IPHONEOS_DEPLOYMENT_TARGET = 17.0;
				LOCALIZATION_PREFERS_STRING_CATALOGS = YES;
				MACOSX_DEPLOYMENT_TARGET = 14.0;
				MTL_ENABLE_DEBUG_INFO = NO;
				MTL_FAST_MATH = YES;
				SWIFT_COMPILATION_MODE = wholemodule;
			};
			name = Release;
		};
		3BD8F0382A7D6E0300A84F8E /* Debug */ = {
			isa = XCBuildConfiguration;
			buildSettings = {
				ASSETCATALOG_COMPILER_APPICON_NAME = AppIcon;
				ASSETCATALOG_COMPILER_GLOBAL_ACCENT_COLOR_NAME = AccentColor;
				CODE_SIGN_ENTITLEMENTS = MangaReader/MangaReader.entitlements;
				CODE_SIGN_STYLE = Automatic;
				CURRENT_PROJECT_VERSION = 1;
				DEVELOPMENT_ASSET_PATHS = "\"MangaReader/Preview Content\"";
				DEVELOPMENT_TEAM = 45UA95MB3U;
				ENABLE_HARDENED_RUNTIME = YES;
				ENABLE_PREVIEWS = YES;
				GENERATE_INFOPLIST_FILE = YES;
				INFOPLIST_FILE = Info.plist;
				"INFOPLIST_KEY_UIApplicationSceneManifest_Generation[sdk=iphoneos*]" = YES;
				"INFOPLIST_KEY_UIApplicationSceneManifest_Generation[sdk=iphonesimulator*]" = YES;
				"INFOPLIST_KEY_UIApplicationSupportsIndirectInputEvents[sdk=iphoneos*]" = YES;
				"INFOPLIST_KEY_UIApplicationSupportsIndirectInputEvents[sdk=iphonesimulator*]" = YES;
				"INFOPLIST_KEY_UILaunchScreen_Generation[sdk=iphoneos*]" = YES;
				"INFOPLIST_KEY_UILaunchScreen_Generation[sdk=iphonesimulator*]" = YES;
				"INFOPLIST_KEY_UIStatusBarStyle[sdk=iphoneos*]" = UIStatusBarStyleDefault;
				"INFOPLIST_KEY_UIStatusBarStyle[sdk=iphonesimulator*]" = UIStatusBarStyleDefault;
				INFOPLIST_KEY_UISupportedInterfaceOrientations_iPad = "UIInterfaceOrientationPortrait UIInterfaceOrientationPortraitUpsideDown UIInterfaceOrientationLandscapeLeft UIInterfaceOrientationLandscapeRight";
				INFOPLIST_KEY_UISupportedInterfaceOrientations_iPhone = "\"\"";
				IPHONEOS_DEPLOYMENT_TARGET = 17.0;
				LD_RUNPATH_SEARCH_PATHS = "@executable_path/Frameworks";
				"LD_RUNPATH_SEARCH_PATHS[sdk=macosx*]" = "@executable_path/../Frameworks";
				MACOSX_DEPLOYMENT_TARGET = 14.0;
				MARKETING_VERSION = 1.0;
				PRODUCT_BUNDLE_IDENTIFIER = at.rushifaaa.multiplatform.MangaReader;
				PRODUCT_NAME = "$(TARGET_NAME)";
				SDKROOT = auto;
				SUPPORTED_PLATFORMS = "iphoneos iphonesimulator macosx";
				SWIFT_EMIT_LOC_STRINGS = YES;
				SWIFT_VERSION = 5.0;
				TARGETED_DEVICE_FAMILY = "1,2";
			};
			name = Debug;
		};
		3BD8F0392A7D6E0300A84F8E /* Release */ = {
			isa = XCBuildConfiguration;
			buildSettings = {
				ASSETCATALOG_COMPILER_APPICON_NAME = AppIcon;
				ASSETCATALOG_COMPILER_GLOBAL_ACCENT_COLOR_NAME = AccentColor;
				CODE_SIGN_ENTITLEMENTS = MangaReader/MangaReader.entitlements;
				CODE_SIGN_STYLE = Automatic;
				CURRENT_PROJECT_VERSION = 1;
				DEVELOPMENT_ASSET_PATHS = "\"MangaReader/Preview Content\"";
				DEVELOPMENT_TEAM = 45UA95MB3U;
				ENABLE_HARDENED_RUNTIME = YES;
				ENABLE_PREVIEWS = YES;
				GENERATE_INFOPLIST_FILE = YES;
				INFOPLIST_FILE = Info.plist;
				"INFOPLIST_KEY_UIApplicationSceneManifest_Generation[sdk=iphoneos*]" = YES;
				"INFOPLIST_KEY_UIApplicationSceneManifest_Generation[sdk=iphonesimulator*]" = YES;
				"INFOPLIST_KEY_UIApplicationSupportsIndirectInputEvents[sdk=iphoneos*]" = YES;
				"INFOPLIST_KEY_UIApplicationSupportsIndirectInputEvents[sdk=iphonesimulator*]" = YES;
				"INFOPLIST_KEY_UILaunchScreen_Generation[sdk=iphoneos*]" = YES;
				"INFOPLIST_KEY_UILaunchScreen_Generation[sdk=iphonesimulator*]" = YES;
				"INFOPLIST_KEY_UIStatusBarStyle[sdk=iphoneos*]" = UIStatusBarStyleDefault;
				"INFOPLIST_KEY_UIStatusBarStyle[sdk=iphonesimulator*]" = UIStatusBarStyleDefault;
				INFOPLIST_KEY_UISupportedInterfaceOrientations_iPad = "UIInterfaceOrientationPortrait UIInterfaceOrientationPortraitUpsideDown UIInterfaceOrientationLandscapeLeft UIInterfaceOrientationLandscapeRight";
				INFOPLIST_KEY_UISupportedInterfaceOrientations_iPhone = "\"\"";
				IPHONEOS_DEPLOYMENT_TARGET = 17.0;
				LD_RUNPATH_SEARCH_PATHS = "@executable_path/Frameworks";
				"LD_RUNPATH_SEARCH_PATHS[sdk=macosx*]" = "@executable_path/../Frameworks";
				MACOSX_DEPLOYMENT_TARGET = 14.0;
				MARKETING_VERSION = 1.0;
				PRODUCT_BUNDLE_IDENTIFIER = at.rushifaaa.multiplatform.MangaReader;
				PRODUCT_NAME = "$(TARGET_NAME)";
				SDKROOT = auto;
				SUPPORTED_PLATFORMS = "iphoneos iphonesimulator macosx";
				SWIFT_EMIT_LOC_STRINGS = YES;
				SWIFT_VERSION = 5.0;
				TARGETED_DEVICE_FAMILY = "1,2";
			};
			name = Release;
		};
/* End XCBuildConfiguration section */

/* Begin XCConfigurationList section */
		3BD8F0212A7D6E0000A84F8E /* Build configuration list for PBXProject "MangaReader" */ = {
			isa = XCConfigurationList;
			buildConfigurations = (
				3BD8F0352A7D6E0300A84F8E /* Debug */,
				3BD8F0362A7D6E0300A84F8E /* Release */,
			);
			defaultConfigurationIsVisible = 0;
			defaultConfigurationName = Release;
		};
		3BD8F0372A7D6E0300A84F8E /* Build configuration list for PBXNativeTarget "MangaReader" */ = {
			isa = XCConfigurationList;
			buildConfigurations = (
				3BD8F0382A7D6E0300A84F8E /* Debug */,
				3BD8F0392A7D6E0300A84F8E /* Release */,
			);
			defaultConfigurationIsVisible = 0;
			defaultConfigurationName = Release;
		};
/* End XCConfigurationList section */

/* Begin XCRemoteSwiftPackageReference section */
		3B333B302A80B1E900368534 /* XCRemoteSwiftPackageReference "Kingfisher" */ = {
			isa = XCRemoteSwiftPackageReference;
			repositoryURL = "https://github.com/onevcat/Kingfisher";
			requirement = {
				branch = master;
				kind = branch;
			};
		};
/* End XCRemoteSwiftPackageReference section */

/* Begin XCSwiftPackageProductDependency section */
		3B333B312A80B1E900368534 /* Kingfisher */ = {
			isa = XCSwiftPackageProductDependency;
			package = 3B333B302A80B1E900368534 /* XCRemoteSwiftPackageReference "Kingfisher" */;
			productName = Kingfisher;
		};
/* End XCSwiftPackageProductDependency section */
	};
	rootObject = 3BD8F01E2A7D6E0000A84F8E /* Project object */;
}
