{
  "originHash" : "5b4d7218fdb43169c5af12620b28ad0efd7ca996ee26d4291d0c6df5c3115350",
  "pins" : [
    {
      "identity" : "kingfisher",
      "kind" : "remoteSourceControl",
      "location" : "https://github.com/onevcat/Kingfisher",
      "state" : {
        "branch" : "master",
        "revision" : "598c232e4e74ea2e8261539e3f3524e8fb38faca"
      }
    }
  ],
  "version" : 3
}
