{
  "originHash" : "0518a05ac0c342198164bf1a3b129365df9af7569e156e08024d184db382b7dd",
  "pins" : [
    {
      "identity" : "kingfisher",
      "kind" : "remoteSourceControl",
      "location" : "https://github.com/onevcat/Kingfisher",
      "state" : {
        "branch" : "master",
        "revision" : "598c232e4e74ea2e8261539e3f3524e8fb38faca"
      }
    }
  ],
  "version" : 3
}
